
Microsoft Visual Studio Solution File, Format Version 12.00
# Visual Studio Version 17
VisualStudioVersion = 17.1.32421.90
MinimumVisualStudioVersion = 10.0.40219.1
Project("{9A19103F-16F7-4668-BE54-9A1E7A4F7556}") = "Torpedo", "Torpedo\Torpedo.csproj", "{10FDE843-2222-4FA3-9872-BCFD6ED1ACBC}"
EndProject
Project("{FAE04EC0-301F-11D3-BF4B-00C04F79EFBC}") = "DataAccess", "DataAccess\DataAccess.csproj", "{3A082A39-95DB-47E9-B1B0-E65068F69193}"
EndProject
Project("{FAE04EC0-301F-11D3-BF4B-00C04F79EFBC}") = "BusinessLogicLayer", "BusinessLogicLayer\BusinessLogicLayer.csproj", "{967A826A-1DD7-4F68-8BFD-6DBA17DE145C}"
EndProject
Project("{FAE04EC0-301F-11D3-BF4B-00C04F79EFBC}") = "SocketService", "SocketService\SocketService.csproj", "{5A2C7921-76E6-4179-A547-F29E2148A0B8}"
EndProject
Project("{FAE04EC0-301F-11D3-BF4B-00C04F79EFBC}") = "DataContract", "DataContract\DataContract.csproj", "{EFDA76B6-B8D8-425B-82C7-E1B62522FCAB}"
EndProject
Global
	GlobalSection(SolutionConfigurationPlatforms) = preSolution
		Debug|Any CPU = Debug|Any CPU
		Release|Any CPU = Release|Any CPU
	EndGlobalSection
	GlobalSection(ProjectConfigurationPlatforms) = postSolution
		{10FDE843-2222-4FA3-9872-BCFD6ED1ACBC}.Debug|Any CPU.ActiveCfg = Debug|Any CPU
		{10FDE843-2222-4FA3-9872-BCFD6ED1ACBC}.Debug|Any CPU.Build.0 = Debug|Any CPU
		{10FDE843-2222-4FA3-9872-BCFD6ED1ACBC}.Release|Any CPU.ActiveCfg = Release|Any CPU
		{10FDE843-2222-4FA3-9872-BCFD6ED1ACBC}.Release|Any CPU.Build.0 = Release|Any CPU
		{3A082A39-95DB-47E9-B1B0-E65068F69193}.Debug|Any CPU.ActiveCfg = Debug|Any CPU
		{3A082A39-95DB-47E9-B1B0-E65068F69193}.Debug|Any CPU.Build.0 = Debug|Any CPU
		{3A082A39-95DB-47E9-B1B0-E65068F69193}.Release|Any CPU.ActiveCfg = Release|Any CPU
		{3A082A39-95DB-47E9-B1B0-E65068F69193}.Release|Any CPU.Build.0 = Release|Any CPU
		{967A826A-1DD7-4F68-8BFD-6DBA17DE145C}.Debug|Any CPU.ActiveCfg = Debug|Any CPU
		{967A826A-1DD7-4F68-8BFD-6DBA17DE145C}.Debug|Any CPU.Build.0 = Debug|Any CPU
		{967A826A-1DD7-4F68-8BFD-6DBA17DE145C}.Release|Any CPU.ActiveCfg = Release|Any CPU
		{967A826A-1DD7-4F68-8BFD-6DBA17DE145C}.Release|Any CPU.Build.0 = Release|Any CPU
		{5A2C7921-76E6-4179-A547-F29E2148A0B8}.Debug|Any CPU.ActiveCfg = Debug|Any CPU
		{5A2C7921-76E6-4179-A547-F29E2148A0B8}.Debug|Any CPU.Build.0 = Debug|Any CPU
		{5A2C7921-76E6-4179-A547-F29E2148A0B8}.Release|Any CPU.ActiveCfg = Release|Any CPU
		{5A2C7921-76E6-4179-A547-F29E2148A0B8}.Release|Any CPU.Build.0 = Release|Any CPU
		{EFDA76B6-B8D8-425B-82C7-E1B62522FCAB}.Debug|Any CPU.ActiveCfg = Debug|Any CPU
		{EFDA76B6-B8D8-425B-82C7-E1B62522FCAB}.Debug|Any CPU.Build.0 = Debug|Any CPU
		{EFDA76B6-B8D8-425B-82C7-E1B62522FCAB}.Release|Any CPU.ActiveCfg = Release|Any CPU
		{EFDA76B6-B8D8-425B-82C7-E1B62522FCAB}.Release|Any CPU.Build.0 = Release|Any CPU
	EndGlobalSection
	GlobalSection(SolutionProperties) = preSolution
		HideSolutionNode = FALSE
	EndGlobalSection
	GlobalSection(ExtensibilityGlobals) = postSolution
		SolutionGuid = {0CE46141-3FB4-4E55-B1B3-06A2BE702DC5}
	EndGlobalSection
EndGlobal
